
Microsoft Visual Studio Solution File, Format Version 12.00
# Visual Studio Version 16
VisualStudioVersion = 16.0.33130.400
MinimumVisualStudioVersion = 10.0.40219.1
Project("{2150E333-8FDC-42A3-9474-1A3956D46DE8}") = "FrontEnd", "FrontEnd", "{FD71BE4C-AF2F-469C-9C05-D90EA4B78501}"
EndProject
Project("{9A19103F-16F7-4668-BE54-9A1E7A4F7556}") = "BETSoft.Web", "..\..\WorkSpace\BETSOFTWARE\BETSoftRestaurant\BETSoftRestaurant\Mango.Web\BETSoft.Web.csproj", "{74B52203-94B7-40C3-A1A1-FD994F847D64}"
EndProject
Project("{2150E333-8FDC-42A3-9474-1A3956D46DE8}") = "Services", "Services", "{9297101C-90C9-4608-9AA0-2A6131AA43CC}"
EndProject
Project("{9A19103F-16F7-4668-BE54-9A1E7A4F7556}") = "BETSoft.Services.ProductAPI", "..\..\WorkSpace\BETSOFTWARE\BETSoftRestaurant\BETSoftRestaurant\Mango.Services.ProductAPI\BETSoft.Services.ProductAPI.csproj", "{DA637F7F-02E8-4D8F-A0E8-7504CF72F420}"
EndProject
Project("{9A19103F-16F7-4668-BE54-9A1E7A4F7556}") = "BETSoft.Services.OrderAPI", "..\..\WorkSpace\BETSOFTWARE\BETSoftRestaurant\BETSoftRestaurant\Mango.Services.OrderAPI\BETSoft.Services.OrderAPI.csproj", "{A6DE16AC-12B4-498D-A908-47FE58B4A29C}"
EndProject
Project("{9A19103F-16F7-4668-BE54-9A1E7A4F7556}") = "BETSoft.Services.ShoppingCartAPI", "..\..\WorkSpace\BETSOFTWARE\BETSoftRestaurant\BETSoftRestaurant\Mango.Services.ShoppingCartAPI\BETSoft.Services.ShoppingCartAPI.csproj", "{2D542B23-0D99-46EF-B3A7-07C5BFE248B1}"
EndProject
Project("{9A19103F-16F7-4668-BE54-9A1E7A4F7556}") = "BETSoft.Services.CouponAPI", "..\..\WorkSpace\BETSOFTWARE\BETSoftRestaurant\BETSoftRestaurant\Mango.Services.CouponAPI\BETSoft.Services.CouponAPI.csproj", "{A1F77F73-7466-4C59-969B-4CB9BCEDE33F}"
EndProject
Project("{9A19103F-16F7-4668-BE54-9A1E7A4F7556}") = "BETSoft.Services.Email", "..\..\WorkSpace\BETSOFTWARE\BETSoftRestaurant\BETSoftRestaurant\Mango.Services.Email\BETSoft.Services.Email.csproj", "{BF1FF76F-D4E6-4A74-ABE9-4374A7BC4EE2}"
EndProject
Project("{9A19103F-16F7-4668-BE54-9A1E7A4F7556}") = "BETSoft.Services.Identity", "..\..\WorkSpace\BETSOFTWARE\BETSoftRestaurant\BETSoftRestaurant\Mango.Services.Identity\BETSoft.Services.Identity.csproj", "{0BE28241-4C68-4839-9DBB-35A837BD0712}"
EndProject
Project("{9A19103F-16F7-4668-BE54-9A1E7A4F7556}") = "BETSoft.Services.PaymentAPI", "..\..\WorkSpace\BETSOFTWARE\BETSoftRestaurant\BETSoftRestaurant\Mango.Services.PaymentAPI\BETSoft.Services.PaymentAPI.csproj", "{3BCEC34F-7C0A-408E-92EE-AC50D1EEF859}"
EndProject
Global
	GlobalSection(SolutionConfigurationPlatforms) = preSolution
		Debug|Any CPU = Debug|Any CPU
		Release|Any CPU = Release|Any CPU
	EndGlobalSection
	GlobalSection(ProjectConfigurationPlatforms) = postSolution
		{74B52203-94B7-40C3-A1A1-FD994F847D64}.Debug|Any CPU.ActiveCfg = Debug|Any CPU
		{74B52203-94B7-40C3-A1A1-FD994F847D64}.Debug|Any CPU.Build.0 = Debug|Any CPU
		{74B52203-94B7-40C3-A1A1-FD994F847D64}.Release|Any CPU.ActiveCfg = Release|Any CPU
		{74B52203-94B7-40C3-A1A1-FD994F847D64}.Release|Any CPU.Build.0 = Release|Any CPU
		{DA637F7F-02E8-4D8F-A0E8-7504CF72F420}.Debug|Any CPU.ActiveCfg = Debug|Any CPU
		{DA637F7F-02E8-4D8F-A0E8-7504CF72F420}.Debug|Any CPU.Build.0 = Debug|Any CPU
		{DA637F7F-02E8-4D8F-A0E8-7504CF72F420}.Release|Any CPU.ActiveCfg = Release|Any CPU
		{DA637F7F-02E8-4D8F-A0E8-7504CF72F420}.Release|Any CPU.Build.0 = Release|Any CPU
		{A6DE16AC-12B4-498D-A908-47FE58B4A29C}.Debug|Any CPU.ActiveCfg = Debug|Any CPU
		{A6DE16AC-12B4-498D-A908-47FE58B4A29C}.Debug|Any CPU.Build.0 = Debug|Any CPU
		{A6DE16AC-12B4-498D-A908-47FE58B4A29C}.Release|Any CPU.ActiveCfg = Release|Any CPU
		{A6DE16AC-12B4-498D-A908-47FE58B4A29C}.Release|Any CPU.Build.0 = Release|Any CPU
		{2D542B23-0D99-46EF-B3A7-07C5BFE248B1}.Debug|Any CPU.ActiveCfg = Debug|Any CPU
		{2D542B23-0D99-46EF-B3A7-07C5BFE248B1}.Debug|Any CPU.Build.0 = Debug|Any CPU
		{2D542B23-0D99-46EF-B3A7-07C5BFE248B1}.Release|Any CPU.ActiveCfg = Release|Any CPU
		{2D542B23-0D99-46EF-B3A7-07C5BFE248B1}.Release|Any CPU.Build.0 = Release|Any CPU
		{A1F77F73-7466-4C59-969B-4CB9BCEDE33F}.Debug|Any CPU.ActiveCfg = Debug|Any CPU
		{A1F77F73-7466-4C59-969B-4CB9BCEDE33F}.Debug|Any CPU.Build.0 = Debug|Any CPU
		{A1F77F73-7466-4C59-969B-4CB9BCEDE33F}.Release|Any CPU.ActiveCfg = Release|Any CPU
		{A1F77F73-7466-4C59-969B-4CB9BCEDE33F}.Release|Any CPU.Build.0 = Release|Any CPU
		{BF1FF76F-D4E6-4A74-ABE9-4374A7BC4EE2}.Debug|Any CPU.ActiveCfg = Debug|Any CPU
		{BF1FF76F-D4E6-4A74-ABE9-4374A7BC4EE2}.Debug|Any CPU.Build.0 = Debug|Any CPU
		{BF1FF76F-D4E6-4A74-ABE9-4374A7BC4EE2}.Release|Any CPU.ActiveCfg = Release|Any CPU
		{BF1FF76F-D4E6-4A74-ABE9-4374A7BC4EE2}.Release|Any CPU.Build.0 = Release|Any CPU
		{0BE28241-4C68-4839-9DBB-35A837BD0712}.Debug|Any CPU.ActiveCfg = Debug|Any CPU
		{0BE28241-4C68-4839-9DBB-35A837BD0712}.Debug|Any CPU.Build.0 = Debug|Any CPU
		{0BE28241-4C68-4839-9DBB-35A837BD0712}.Release|Any CPU.ActiveCfg = Release|Any CPU
		{0BE28241-4C68-4839-9DBB-35A837BD0712}.Release|Any CPU.Build.0 = Release|Any CPU
		{3BCEC34F-7C0A-408E-92EE-AC50D1EEF859}.Debug|Any CPU.ActiveCfg = Debug|Any CPU
		{3BCEC34F-7C0A-408E-92EE-AC50D1EEF859}.Debug|Any CPU.Build.0 = Debug|Any CPU
		{3BCEC34F-7C0A-408E-92EE-AC50D1EEF859}.Release|Any CPU.ActiveCfg = Release|Any CPU
		{3BCEC34F-7C0A-408E-92EE-AC50D1EEF859}.Release|Any CPU.Build.0 = Release|Any CPU
	EndGlobalSection
	GlobalSection(SolutionProperties) = preSolution
		HideSolutionNode = FALSE
	EndGlobalSection
	GlobalSection(NestedProjects) = preSolution
		{74B52203-94B7-40C3-A1A1-FD994F847D64} = {FD71BE4C-AF2F-469C-9C05-D90EA4B78501}
		{DA637F7F-02E8-4D8F-A0E8-7504CF72F420} = {9297101C-90C9-4608-9AA0-2A6131AA43CC}
		{A6DE16AC-12B4-498D-A908-47FE58B4A29C} = {9297101C-90C9-4608-9AA0-2A6131AA43CC}
		{2D542B23-0D99-46EF-B3A7-07C5BFE248B1} = {9297101C-90C9-4608-9AA0-2A6131AA43CC}
		{A1F77F73-7466-4C59-969B-4CB9BCEDE33F} = {9297101C-90C9-4608-9AA0-2A6131AA43CC}
		{BF1FF76F-D4E6-4A74-ABE9-4374A7BC4EE2} = {9297101C-90C9-4608-9AA0-2A6131AA43CC}
		{0BE28241-4C68-4839-9DBB-35A837BD0712} = {9297101C-90C9-4608-9AA0-2A6131AA43CC}
		{3BCEC34F-7C0A-408E-92EE-AC50D1EEF859} = {9297101C-90C9-4608-9AA0-2A6131AA43CC}
	EndGlobalSection
	GlobalSection(ExtensibilityGlobals) = postSolution
		SolutionGuid = {7AD21DFE-5F6D-42B5-842E-E1C74B68828D}
	EndGlobalSection
EndGlobal
